// !$*UTF8*$!
{
	archiveVersion = 1;
	classes = {
	};
	objectVersion = 48;
	objects = {

/* Begin PBXBuildFile section */
		047A4BF21FF212DF004F0CD7 /* AppDelegate.m in Sources */ = {isa = PBXBuildFile; fileRef = 047A4BF11FF212DF004F0CD7 /* AppDelegate.m */; };
		047A4BF81FF212DF004F0CD7 /* Main.storyboard in Resources */ = {isa = PBXBuildFile; fileRef = 047A4BF61FF212DF004F0CD7 /* Main.storyboard */; };
		047A4BFA1FF212DF004F0CD7 /* Assets.xcassets in Resources */ = {isa = PBXBuildFile; fileRef = 047A4BF91FF212DF004F0CD7 /* Assets.xcassets */; };
		047A4BFD1FF212DF004F0CD7 /* LaunchScreen.storyboard in Resources */ = {isa = PBXBuildFile; fileRef = 047A4BFB1FF212DF004F0CD7 /* LaunchScreen.storyboard */; };
		047A4C001FF212DF004F0CD7 /* main.m in Sources */ = {isa = PBXBuildFile; fileRef = 047A4BFF1FF212DF004F0CD7 /* main.m */; };
		047A4C0A1FF212DF004F0CD7 /* ZCNavigationTests.m in Sources */ = {isa = PBXBuildFile; fileRef = 047A4C091FF212DF004F0CD7 /* ZCNavigationTests.m */; };
		047A4C151FF212DF004F0CD7 /* ZCNavigationUITests.m in Sources */ = {isa = PBXBuildFile; fileRef = 047A4C141FF212DF004F0CD7 /* ZCNavigationUITests.m */; };
		047A4C241FF213AD004F0CD7 /* UINavigationBar+ZCNavigationBar.m in Sources */ = {isa = PBXBuildFile; fileRef = 047A4C231FF213AD004F0CD7 /* UINavigationBar+ZCNavigationBar.m */; };
		047A4C271FF2196F004F0CD7 /* MianViewController.m in Sources */ = {isa = PBXBuildFile; fileRef = 047A4C261FF2196F004F0CD7 /* MianViewController.m */; };
/* End PBXBuildFile section */

/* Begin PBXContainerItemProxy section */
		047A4C061FF212DF004F0CD7 /* PBXContainerItemProxy */ = {
			isa = PBXContainerItemProxy;
			containerPortal = 047A4BE51FF212DF004F0CD7 /* Project object */;
			proxyType = 1;
			remoteGlobalIDString = 047A4BEC1FF212DF004F0CD7;
			remoteInfo = ZCNavigation;
		};
		047A4C111FF212DF004F0CD7 /* PBXContainerItemProxy */ = {
			isa = PBXContainerItemProxy;
			containerPortal = 047A4BE51FF212DF004F0CD7 /* Project object */;
			proxyType = 1;
			remoteGlobalIDString = 047A4BEC1FF212DF004F0CD7;
			remoteInfo = ZCNavigation;
		};
/* End PBXContainerItemProxy section */

/* Begin PBXFileReference section */
		047A4BED1FF212DF004F0CD7 /* ZCNavigation.app */ = {isa = PBXFileReference; explicitFileType = wrapper.application; includeInIndex = 0; path = ZCNavigation.app; sourceTree = BUILT_PRODUCTS_DIR; };
		047A4BF01FF212DF004F0CD7 /* AppDelegate.h */ = {isa = PBXFileReference; lastKnownFileType = sourcecode.c.h; path = AppDelegate.h; sourceTree = "<group>"; };
		047A4BF11FF212DF004F0CD7 /* AppDelegate.m */ = {isa = PBXFileReference; lastKnownFileType = sourcecode.c.objc; path = AppDelegate.m; sourceTree = "<group>"; };
		047A4BF71FF212DF004F0CD7 /* Base */ = {isa = PBXFileReference; lastKnownFileType = file.storyboard; name = Base; path = Base.lproj/Main.storyboard; sourceTree = "<group>"; };
		047A4BF91FF212DF004F0CD7 /* Assets.xcassets */ = {isa = PBXFileReference; lastKnownFileType = folder.assetcatalog; path = Assets.xcassets; sourceTree = "<group>"; };
		047A4BFC1FF212DF004F0CD7 /* Base */ = {isa = PBXFileReference; lastKnownFileType = file.storyboard; name = Base; path = Base.lproj/LaunchScreen.storyboard; sourceTree = "<group>"; };
		047A4BFE1FF212DF004F0CD7 /* Info.plist */ = {isa = PBXFileReference; lastKnownFileType = text.plist.xml; path = Info.plist; sourceTree = "<group>"; };
		047A4BFF1FF212DF004F0CD7 /* main.m */ = {isa = PBXFileReference; lastKnownFileType = sourcecode.c.objc; path = main.m; sourceTree = "<group>"; };
		047A4C051FF212DF004F0CD7 /* ZCNavigationTests.xctest */ = {isa = PBXFileReference; explicitFileType = wrapper.cfbundle; includeInIndex = 0; path = ZCNavigationTests.xctest; sourceTree = BUILT_PRODUCTS_DIR; };
		047A4C091FF212DF004F0CD7 /* ZCNavigationTests.m */ = {isa = PBXFileReference; lastKnownFileType = sourcecode.c.objc; path = ZCNavigationTests.m; sourceTree = "<group>"; };
		047A4C0B1FF212DF004F0CD7 /* Info.plist */ = {isa = PBXFileReference; lastKnownFileType = text.plist.xml; path = Info.plist; sourceTree = "<group>"; };
		047A4C101FF212DF004F0CD7 /* ZCNavigationUITests.xctest */ = {isa = PBXFileReference; explicitFileType = wrapper.cfbundle; includeInIndex = 0; path = ZCNavigationUITests.xctest; sourceTree = BUILT_PRODUCTS_DIR; };
		047A4C141FF212DF004F0CD7 /* ZCNavigationUITests.m */ = {isa = PBXFileReference; lastKnownFileType = sourcecode.c.objc; path = ZCNavigationUITests.m; sourceTree = "<group>"; };
		047A4C161FF212DF004F0CD7 /* Info.plist */ = {isa = PBXFileReference; lastKnownFileType = text.plist.xml; path = Info.plist; sourceTree = "<group>"; };
		047A4C221FF213AD004F0CD7 /* UINavigationBar+ZCNavigationBar.h */ = {isa = PBXFileReference; lastKnownFileType = sourcecode.c.h; path = "UINavigationBar+ZCNavigationBar.h"; sourceTree = "<group>"; };
		047A4C231FF213AD004F0CD7 /* UINavigationBar+ZCNavigationBar.m */ = {isa = PBXFileReference; lastKnownFileType = sourcecode.c.objc; path = "UINavigationBar+ZCNavigationBar.m"; sourceTree = "<group>"; };
		047A4C251FF2196F004F0CD7 /* MianViewController.h */ = {isa = PBXFileReference; lastKnownFileType = sourcecode.c.h; path = MianViewController.h; sourceTree = "<group>"; };
		047A4C261FF2196F004F0CD7 /* MianViewController.m */ = {isa = PBXFileReference; lastKnownFileType = sourcecode.c.objc; path = MianViewController.m; sourceTree = "<group>"; };
/* End PBXFileReference section */

/* Begin PBXFrameworksBuildPhase section */
		047A4BEA1FF212DF004F0CD7 /* Frameworks */ = {
			isa = PBXFrameworksBuildPhase;
			buildActionMask = 2147483647;
			files = (
			);
			runOnlyForDeploymentPostprocessing = 0;
		};
		047A4C021FF212DF004F0CD7 /* Frameworks */ = {
			isa = PBXFrameworksBuildPhase;
			buildActionMask = 2147483647;
			files = (
			);
			runOnlyForDeploymentPostprocessing = 0;
		};
		047A4C0D1FF212DF004F0CD7 /* Frameworks */ = {
			isa = PBXFrameworksBuildPhase;
			buildActionMask = 2147483647;
			files = (
			);
			runOnlyForDeploymentPostprocessing = 0;
		};
/* End PBXFrameworksBuildPhase section */

/* Begin PBXGroup section */
		047A4BE41FF212DF004F0CD7 = {
			isa = PBXGroup;
			children = (
				047A4BEF1FF212DF004F0CD7 /* ZCNavigation */,
				047A4C081FF212DF004F0CD7 /* ZCNavigationTests */,
				047A4C131FF212DF004F0CD7 /* ZCNavigationUITests */,
				047A4BEE1FF212DF004F0CD7 /* Products */,
			);
			sourceTree = "<group>";
		};
		047A4BEE1FF212DF004F0CD7 /* Products */ = {
			isa = PBXGroup;
			children = (
				047A4BED1FF212DF004F0CD7 /* ZCNavigation.app */,
				047A4C051FF212DF004F0CD7 /* ZCNavigationTests.xctest */,
				047A4C101FF212DF004F0CD7 /* ZCNavigationUITests.xctest */,
			);
			name = Products;
			sourceTree = "<group>";
		};
		047A4BEF1FF212DF004F0CD7 /* ZCNavigation */ = {
			isa = PBXGroup;
			children = (
				047A4BF01FF212DF004F0CD7 /* AppDelegate.h */,
				047A4BF11FF212DF004F0CD7 /* AppDelegate.m */,
				047A4C221FF213AD004F0CD7 /* UINavigationBar+ZCNavigationBar.h */,
				047A4C231FF213AD004F0CD7 /* UINavigationBar+ZCNavigationBar.m */,
				047A4C251FF2196F004F0CD7 /* MianViewController.h */,
				047A4C261FF2196F004F0CD7 /* MianViewController.m */,
				047A4BF61FF212DF004F0CD7 /* Main.storyboard */,
				047A4BF91FF212DF004F0CD7 /* Assets.xcassets */,
				047A4BFB1FF212DF004F0CD7 /* LaunchScreen.storyboard */,
				047A4BFE1FF212DF004F0CD7 /* Info.plist */,
				047A4BFF1FF212DF004F0CD7 /* main.m */,
			);
			path = ZCNavigation;
			sourceTree = "<group>";
		};
		047A4C081FF212DF004F0CD7 /* ZCNavigationTests */ = {
			isa = PBXGroup;
			children = (
				047A4C091FF212DF004F0CD7 /* ZCNavigationTests.m */,
				047A4C0B1FF212DF004F0CD7 /* Info.plist */,
			);
			path = ZCNavigationTests;
			sourceTree = "<group>";
		};
		047A4C131FF212DF004F0CD7 /* ZCNavigationUITests */ = {
			isa = PBXGroup;
			children = (
				047A4C141FF212DF004F0CD7 /* ZCNavigationUITests.m */,
				047A4C161FF212DF004F0CD7 /* Info.plist */,
			);
			path = ZCNavigationUITests;
			sourceTree = "<group>";
		};
/* End PBXGroup section */

/* Begin PBXNativeTarget section */
		047A4BEC1FF212DF004F0CD7 /* ZCNavigation */ = {
			isa = PBXNativeTarget;
			buildConfigurationList = 047A4C191FF212DF004F0CD7 /* Build configuration list for PBXNativeTarget "ZCNavigation" */;
			buildPhases = (
				047A4BE91FF212DF004F0CD7 /* Sources */,
				047A4BEA1FF212DF004F0CD7 /* Frameworks */,
				047A4BEB1FF212DF004F0CD7 /* Resources */,
			);
			buildRules = (
			);
			dependencies = (
			);
			name = ZCNavigation;
			productName = ZCNavigation;
			productReference = 047A4BED1FF212DF004F0CD7 /* ZCNavigation.app */;
			productType = "com.apple.product-type.application";
		};
		047A4C041FF212DF004F0CD7 /* ZCNavigationTests */ = {
			isa = PBXNativeTarget;
			buildConfigurationList = 047A4C1C1FF212DF004F0CD7 /* Build configuration list for PBXNativeTarget "ZCNavigationTests" */;
			buildPhases = (
				047A4C011FF212DF004F0CD7 /* Sources */,
				047A4C021FF212DF004F0CD7 /* Frameworks */,
				047A4C031FF212DF004F0CD7 /* Resources */,
			);
			buildRules = (
			);
			dependencies = (
				047A4C071FF212DF004F0CD7 /* PBXTargetDependency */,
			);
			name = ZCNavigationTests;
			productName = ZCNavigationTests;
			productReference = 047A4C051FF212DF004F0CD7 /* ZCNavigationTests.xctest */;
			productType = "com.apple.product-type.bundle.unit-test";
		};
		047A4C0F1FF212DF004F0CD7 /* ZCNavigationUITests */ = {
			isa = PBXNativeTarget;
			buildConfigurationList = 047A4C1F1FF212DF004F0CD7 /* Build configuration list for PBXNativeTarget "ZCNavigationUITests" */;
			buildPhases = (
				047A4C0C1FF212DF004F0CD7 /* Sources */,
				047A4C0D1FF212DF004F0CD7 /* Frameworks */,
				047A4C0E1FF212DF004F0CD7 /* Resources */,
			);
			buildRules = (
			);
			dependencies = (
				047A4C121FF212DF004F0CD7 /* PBXTargetDependency */,
			);
			name = ZCNavigationUITests;
			productName = ZCNavigationUITests;
			productReference = 047A4C101FF212DF004F0CD7 /* ZCNavigationUITests.xctest */;
			productType = "com.apple.product-type.bundle.ui-testing";
		};
/* End PBXNativeTarget section */

/* Begin PBXProject section */
		047A4BE51FF212DF004F0CD7 /* Project object */ = {
			isa = PBXProject;
			attributes = {
				LastUpgradeCheck = 0920;
				ORGANIZATIONNAME = "张智超MAC";
				TargetAttributes = {
					047A4BEC1FF212DF004F0CD7 = {
						CreatedOnToolsVersion = 9.2;
						ProvisioningStyle = Automatic;
					};
					047A4C041FF212DF004F0CD7 = {
						CreatedOnToolsVersion = 9.2;
						ProvisioningStyle = Automatic;
						TestTargetID = 047A4BEC1FF212DF004F0CD7;
					};
					047A4C0F1FF212DF004F0CD7 = {
						CreatedOnToolsVersion = 9.2;
						ProvisioningStyle = Automatic;
						TestTargetID = 047A4BEC1FF212DF004F0CD7;
					};
				};
			};
			buildConfigurationList = 047A4BE81FF212DF004F0CD7 /* Build configuration list for PBXProject "ZCNavigation" */;
			compatibilityVersion = "Xcode 8.0";
			developmentRegion = en;
			hasScannedForEncodings = 0;
			knownRegions = (
				en,
				Base,
			);
			mainGroup = 047A4BE41FF212DF004F0CD7;
			productRefGroup = 047A4BEE1FF212DF004F0CD7 /* Products */;
			projectDirPath = "";
			projectRoot = "";
			targets = (
				047A4BEC1FF212DF004F0CD7 /* ZCNavigation */,
				047A4C041FF212DF004F0CD7 /* ZCNavigationTests */,
				047A4C0F1FF212DF004F0CD7 /* ZCNavigationUITests */,
			);
		};
/* End PBXProject section */

/* Begin PBXResourcesBuildPhase section */
		047A4BEB1FF212DF004F0CD7 /* Resources */ = {
			isa = PBXResourcesBuildPhase;
			buildActionMask = 2147483647;
			files = (
				047A4BFD1FF212DF004F0CD7 /* LaunchScreen.storyboard in Resources */,
				047A4BFA1FF212DF004F0CD7 /* Assets.xcassets in Resources */,
				047A4BF81FF212DF004F0CD7 /* Main.storyboard in Resources */,
			);
			runOnlyForDeploymentPostprocessing = 0;
		};
		047A4C031FF212DF004F0CD7 /* Resources */ = {
			isa = PBXResourcesBuildPhase;
			buildActionMask = 2147483647;
			files = (
			);
			runOnlyForDeploymentPostprocessing = 0;
		};
		047A4C0E1FF212DF004F0CD7 /* Resources */ = {
			isa = PBXResourcesBuildPhase;
			buildActionMask = 2147483647;
			files = (
			);
			runOnlyForDeploymentPostprocessing = 0;
		};
/* End PBXResourcesBuildPhase section */

/* Begin PBXSourcesBuildPhase section */
		047A4BE91FF212DF004F0CD7 /* Sources */ = {
			isa = PBXSourcesBuildPhase;
			buildActionMask = 2147483647;
			files = (
				047A4C271FF2196F004F0CD7 /* MianViewController.m in Sources */,
				047A4C241FF213AD004F0CD7 /* UINavigationBar+ZCNavigationBar.m in Sources */,
				047A4C001FF212DF004F0CD7 /* main.m in Sources */,
				047A4BF21FF212DF004F0CD7 /* AppDelegate.m in Sources */,
			);
			runOnlyForDeploymentPostprocessing = 0;
		};
		047A4C011FF212DF004F0CD7 /* Sources */ = {
			isa = PBXSourcesBuildPhase;
			buildActionMask = 2147483647;
			files = (
				047A4C0A1FF212DF004F0CD7 /* ZCNavigationTests.m in Sources */,
			);
			runOnlyForDeploymentPostprocessing = 0;
		};
		047A4C0C1FF212DF004F0CD7 /* Sources */ = {
			isa = PBXSourcesBuildPhase;
			buildActionMask = 2147483647;
			files = (
				047A4C151FF212DF004F0CD7 /* ZCNavigationUITests.m in Sources */,
			);
			runOnlyForDeploymentPostprocessing = 0;
		};
/* End PBXSourcesBuildPhase section */

/* Begin PBXTargetDependency section */
		047A4C071FF212DF004F0CD7 /* PBXTargetDependency */ = {
			isa = PBXTargetDependency;
			target = 047A4BEC1FF212DF004F0CD7 /* ZCNavigation */;
			targetProxy = 047A4C061FF212DF004F0CD7 /* PBXContainerItemProxy */;
		};
		047A4C121FF212DF004F0CD7 /* PBXTargetDependency */ = {
			isa = PBXTargetDependency;
			target = 047A4BEC1FF212DF004F0CD7 /* ZCNavigation */;
			targetProxy = 047A4C111FF212DF004F0CD7 /* PBXContainerItemProxy */;
		};
/* End PBXTargetDependency section */

/* Begin PBXVariantGroup section */
		047A4BF61FF212DF004F0CD7 /* Main.storyboard */ = {
			isa = PBXVariantGroup;
			children = (
				047A4BF71FF212DF004F0CD7 /* Base */,
			);
			name = Main.storyboard;
			sourceTree = "<group>";
		};
		047A4BFB1FF212DF004F0CD7 /* LaunchScreen.storyboard */ = {
			isa = PBXVariantGroup;
			children = (
				047A4BFC1FF212DF004F0CD7 /* Base */,
			);
			name = LaunchScreen.storyboard;
			sourceTree = "<group>";
		};
/* End PBXVariantGroup section */

/* Begin XCBuildConfiguration section */
		047A4C171FF212DF004F0CD7 /* Debug */ = {
			isa = XCBuildConfiguration;
			buildSettings = {
				ALWAYS_SEARCH_USER_PATHS = NO;
				CLANG_ANALYZER_NONNULL = YES;
				CLANG_ANALYZER_NUMBER_OBJECT_CONVERSION = YES_AGGRESSIVE;
				CLANG_CXX_LANGUAGE_STANDARD = "gnu++14";
				CLANG_CXX_LIBRARY = "libc++";
				CLANG_ENABLE_MODULES = YES;
				CLANG_ENABLE_OBJC_ARC = YES;
				CLANG_WARN_BLOCK_CAPTURE_AUTORELEASING = YES;
				CLANG_WARN_BOOL_CONVERSION = YES;
				CLANG_WARN_COMMA = YES;
				CLANG_WARN_CONSTANT_CONVERSION = YES;
				CLANG_WARN_DIRECT_OBJC_ISA_USAGE = YES_ERROR;
				CLANG_WARN_DOCUMENTATION_COMMENTS = YES;
				CLANG_WARN_EMPTY_BODY = YES;
				CLANG_WARN_ENUM_CONVERSION = YES;
				CLANG_WARN_INFINITE_RECURSION = YES;
				CLANG_WARN_INT_CONVERSION = YES;
				CLANG_WARN_NON_LITERAL_NULL_CONVERSION = YES;
				CLANG_WARN_OBJC_LITERAL_CONVERSION = YES;
				CLANG_WARN_OBJC_ROOT_CLASS = YES_ERROR;
				CLANG_WARN_RANGE_LOOP_ANALYSIS = YES;
				CLANG_WARN_STRICT_PROTOTYPES = YES;
				CLANG_WARN_SUSPICIOUS_MOVE = YES;
				CLANG_WARN_UNGUARDED_AVAILABILITY = YES_AGGRESSIVE;
				CLANG_WARN_UNREACHABLE_CODE = YES;
				CLANG_WARN__DUPLICATE_METHOD_MATCH = YES;
				CODE_SIGN_IDENTITY = "iPhone Developer";
				COPY_PHASE_STRIP = NO;
				DEBUG_INFORMATION_FORMAT = dwarf;
				ENABLE_STRICT_OBJC_MSGSEND = YES;
				ENABLE_TESTABILITY = YES;
				GCC_C_LANGUAGE_STANDARD = gnu11;
				GCC_DYNAMIC_NO_PIC = NO;
				GCC_NO_COMMON_BLOCKS = YES;
				GCC_OPTIMIZATION_LEVEL = 0;
				GCC_PREPROCESSOR_DEFINITIONS = (
					"DEBUG=1",
					"$(inherited)",
				);
				GCC_WARN_64_TO_32_BIT_CONVERSION = YES;
				GCC_WARN_ABOUT_RETURN_TYPE = YES_ERROR;
				GCC_WARN_UNDECLARED_SELECTOR = YES;
				GCC_WARN_UNINITIALIZED_AUTOS = YES_AGGRESSIVE;
				GCC_WARN_UNUSED_FUNCTION = YES;
				GCC_WARN_UNUSED_VARIABLE = YES;
				IPHONEOS_DEPLOYMENT_TARGET = 11.2;
				MTL_ENABLE_DEBUG_INFO = YES;
				ONLY_ACTIVE_ARCH = YES;
				SDKROOT = iphoneos;
			};
			name = Debug;
		};
		047A4C181FF212DF004F0CD7 /* Release */ = {
			isa = XCBuildConfiguration;
			buildSettings = {
				ALWAYS_SEARCH_USER_PATHS = NO;
				CLANG_ANALYZER_NONNULL = YES;
				CLANG_ANALYZER_NUMBER_OBJECT_CONVERSION = YES_AGGRESSIVE;
				CLANG_CXX_LANGUAGE_STANDARD = "gnu++14";
				CLANG_CXX_LIBRARY = "libc++";
				CLANG_ENABLE_MODULES = YES;
				CLANG_ENABLE_OBJC_ARC = YES;
				CLANG_WARN_BLOCK_CAPTURE_AUTORELEASING = YES;
				CLANG_WARN_BOOL_CONVERSION = YES;
				CLANG_WARN_COMMA = YES;
				CLANG_WARN_CONSTANT_CONVERSION = YES;
				CLANG_WARN_DIRECT_OBJC_ISA_USAGE = YES_ERROR;
				CLANG_WARN_DOCUMENTATION_COMMENTS = YES;
				CLANG_WARN_EMPTY_BODY = YES;
				CLANG_WARN_ENUM_CONVERSION = YES;
				CLANG_WARN_INFINITE_RECURSION = YES;
				CLANG_WARN_INT_CONVERSION = YES;
				CLANG_WARN_NON_LITERAL_NULL_CONVERSION = YES;
				CLANG_WARN_OBJC_LITERAL_CONVERSION = YES;
				CLANG_WARN_OBJC_ROOT_CLASS = YES_ERROR;
				CLANG_WARN_RANGE_LOOP_ANALYSIS = YES;
				CLANG_WARN_STRICT_PROTOTYPES = YES;
				CLANG_WARN_SUSPICIOUS_MOVE = YES;
				CLANG_WARN_UNGUARDED_AVAILABILITY = YES_AGGRESSIVE;
				CLANG_WARN_UNREACHABLE_CODE = YES;
				CLANG_WARN__DUPLICATE_METHOD_MATCH = YES;
				CODE_SIGN_IDENTITY = "iPhone Developer";
				COPY_PHASE_STRIP = NO;
				DEBUG_INFORMATION_FORMAT = "dwarf-with-dsym";
				ENABLE_NS_ASSERTIONS = NO;
				ENABLE_STRICT_OBJC_MSGSEND = YES;
				GCC_C_LANGUAGE_STANDARD = gnu11;
				GCC_NO_COMMON_BLOCKS = YES;
				GCC_WARN_64_TO_32_BIT_CONVERSION = YES;
				GCC_WARN_ABOUT_RETURN_TYPE = YES_ERROR;
				GCC_WARN_UNDECLARED_SELECTOR = YES;
				GCC_WARN_UNINITIALIZED_AUTOS = YES_AGGRESSIVE;
				GCC_WARN_UNUSED_FUNCTION = YES;
				GCC_WARN_UNUSED_VARIABLE = YES;
				IPHONEOS_DEPLOYMENT_TARGET = 11.2;
				MTL_ENABLE_DEBUG_INFO = NO;
				SDKROOT = iphoneos;
				VALIDATE_PRODUCT = YES;
			};
			name = Release;
		};
		047A4C1A1FF212DF004F0CD7 /* Debug */ = {
			isa = XCBuildConfiguration;
			buildSettings = {
				ASSETCATALOG_COMPILER_APPICON_NAME = AppIcon;
				CODE_SIGN_STYLE = Automatic;
				INFOPLIST_FILE = ZCNavigation/Info.plist;
				LD_RUNPATH_SEARCH_PATHS = "$(inherited) @executable_path/Frameworks";
				PRODUCT_BUNDLE_IDENTIFIER = com.ZCNavigation.iphone;
				PRODUCT_NAME = "$(TARGET_NAME)";
				TARGETED_DEVICE_FAMILY = "1,2";
			};
			name = Debug;
		};
		047A4C1B1FF212DF004F0CD7 /* Release */ = {
			isa = XCBuildConfiguration;
			buildSettings = {
				ASSETCATALOG_COMPILER_APPICON_NAME = AppIcon;
				CODE_SIGN_STYLE = Automatic;
				INFOPLIST_FILE = ZCNavigation/Info.plist;
				LD_RUNPATH_SEARCH_PATHS = "$(inherited) @executable_path/Frameworks";
				PRODUCT_BUNDLE_IDENTIFIER = com.ZCNavigation.iphone;
				PRODUCT_NAME = "$(TARGET_NAME)";
				TARGETED_DEVICE_FAMILY = "1,2";
			};
			name = Release;
		};
		047A4C1D1FF212DF004F0CD7 /* Debug */ = {
			isa = XCBuildConfiguration;
			buildSettings = {
				BUNDLE_LOADER = "$(TEST_HOST)";
				CODE_SIGN_STYLE = Automatic;
				INFOPLIST_FILE = ZCNavigationTests/Info.plist;
				LD_RUNPATH_SEARCH_PATHS = "$(inherited) @executable_path/Frameworks @loader_path/Frameworks";
				PRODUCT_BUNDLE_IDENTIFIER = com.ZCNavigationTests;
				PRODUCT_NAME = "$(TARGET_NAME)";
				TARGETED_DEVICE_FAMILY = "1,2";
				TEST_HOST = "$(BUILT_PRODUCTS_DIR)/ZCNavigation.app/ZCNavigation";
			};
			name = Debug;
		};
		047A4C1E1FF212DF004F0CD7 /* Release */ = {
			isa = XCBuildConfiguration;
			buildSettings = {
				BUNDLE_LOADER = "$(TEST_HOST)";
				CODE_SIGN_STYLE = Automatic;
				INFOPLIST_FILE = ZCNavigationTests/Info.plist;
				LD_RUNPATH_SEARCH_PATHS = "$(inherited) @executable_path/Frameworks @loader_path/Frameworks";
				PRODUCT_BUNDLE_IDENTIFIER = com.ZCNavigationTests;
				PRODUCT_NAME = "$(TARGET_NAME)";
				TARGETED_DEVICE_FAMILY = "1,2";
				TEST_HOST = "$(BUILT_PRODUCTS_DIR)/ZCNavigation.app/ZCNavigation";
			};
			name = Release;
		};
		047A4C201FF212DF004F0CD7 /* Debug */ = {
			isa = XCBuildConfiguration;
			buildSettings = {
				CODE_SIGN_STYLE = Automatic;
				INFOPLIST_FILE = ZCNavigationUITests/Info.plist;
				LD_RUNPATH_SEARCH_PATHS = "$(inherited) @executable_path/Frameworks @loader_path/Frameworks";
				PRODUCT_BUNDLE_IDENTIFIER = com.ZCNavigationUITests;
				PRODUCT_NAME = "$(TARGET_NAME)";
				TARGETED_DEVICE_FAMILY = "1,2";
				TEST_TARGET_NAME = ZCNavigation;
			};
			name = Debug;
		};
		047A4C211FF212DF004F0CD7 /* Release */ = {
			isa = XCBuildConfiguration;
			buildSettings = {
				CODE_SIGN_STYLE = Automatic;
				INFOPLIST_FILE = ZCNavigationUITests/Info.plist;
				LD_RUNPATH_SEARCH_PATHS = "$(inherited) @executable_path/Frameworks @loader_path/Frameworks";
				PRODUCT_BUNDLE_IDENTIFIER = com.ZCNavigationUITests;
				PRODUCT_NAME = "$(TARGET_NAME)";
				TARGETED_DEVICE_FAMILY = "1,2";
				TEST_TARGET_NAME = ZCNavigation;
			};
			name = Release;
		};
/* End XCBuildConfiguration section */

/* Begin XCConfigurationList section */
		047A4BE81FF212DF004F0CD7 /* Build configuration list for PBXProject "ZCNavigation" */ = {
			isa = XCConfigurationList;
			buildConfigurations = (
				047A4C171FF212DF004F0CD7 /* Debug */,
				047A4C181FF212DF004F0CD7 /* Release */,
			);
			defaultConfigurationIsVisible = 0;
			defaultConfigurationName = Release;
		};
		047A4C191FF212DF004F0CD7 /* Build configuration list for PBXNativeTarget "ZCNavigation" */ = {
			isa = XCConfigurationList;
			buildConfigurations = (
				047A4C1A1FF212DF004F0CD7 /* Debug */,
				047A4C1B1FF212DF004F0CD7 /* Release */,
			);
			defaultConfigurationIsVisible = 0;
			defaultConfigurationName = Release;
		};
		047A4C1C1FF212DF004F0CD7 /* Build configuration list for PBXNativeTarget "ZCNavigationTests" */ = {
			isa = XCConfigurationList;
			buildConfigurations = (
				047A4C1D1FF212DF004F0CD7 /* Debug */,
				047A4C1E1FF212DF004F0CD7 /* Release */,
			);
			defaultConfigurationIsVisible = 0;
			defaultConfigurationName = Release;
		};
		047A4C1F1FF212DF004F0CD7 /* Build configuration list for PBXNativeTarget "ZCNavigationUITests" */ = {
			isa = XCConfigurationList;
			buildConfigurations = (
				047A4C201FF212DF004F0CD7 /* Debug */,
				047A4C211FF212DF004F0CD7 /* Release */,
			);
			defaultConfigurationIsVisible = 0;
			defaultConfigurationName = Release;
		};
/* End XCConfigurationList section */
	};
	rootObject = 047A4BE51FF212DF004F0CD7 /* Project object */;
}
